// !$*UTF8*$!
{
	archiveVersion = 1;
	classes = {
	};
	objectVersion = 50;
	objects = {

/* Begin PBXBuildFile section */
		36A43A9725D1F404002C5FE6 /* CalculatorVCLogic.swift in Sources */ = {isa = PBXBuildFile; fileRef = 36A43A9625D1F404002C5FE6 /* CalculatorVCLogic.swift */; };
		36A7F84325D091BE00EAF6F9 /* AppDelegate.swift in Sources */ = {isa = PBXBuildFile; fileRef = 36A7F84225D091BE00EAF6F9 /* AppDelegate.swift */; };
		36A7F84525D091BE00EAF6F9 /* SceneDelegate.swift in Sources */ = {isa = PBXBuildFile; fileRef = 36A7F84425D091BE00EAF6F9 /* SceneDelegate.swift */; };
		36A7F84D25D091BE00EAF6F9 /* Calculator.xcdatamodeld in Sources */ = {isa = PBXBuildFile; fileRef = 36A7F84B25D091BE00EAF6F9 /* Calculator.xcdatamodeld */; };
		36A7F84F25D091C100EAF6F9 /* Assets.xcassets in Resources */ = {isa = PBXBuildFile; fileRef = 36A7F84E25D091C100EAF6F9 /* Assets.xcassets */; };
		36A7F85225D091C100EAF6F9 /* LaunchScreen.storyboard in Resources */ = {isa = PBXBuildFile; fileRef = 36A7F85025D091C100EAF6F9 /* LaunchScreen.storyboard */; };
		36A7F86125D0929000EAF6F9 /* CalculatorViewController.swift in Sources */ = {isa = PBXBuildFile; fileRef = 36A7F86025D0929000EAF6F9 /* CalculatorViewController.swift */; };
		36A7F86525D0ADAC00EAF6F9 /* CalculatorBrain.swift in Sources */ = {isa = PBXBuildFile; fileRef = 36A7F86425D0ADAC00EAF6F9 /* CalculatorBrain.swift */; };
		36A7F87425D18D9D00EAF6F9 /* CustomButton.swift in Sources */ = {isa = PBXBuildFile; fileRef = 36A7F87325D18D9D00EAF6F9 /* CustomButton.swift */; };
		36A7F87825D18E8200EAF6F9 /* UIColorExtension.swift in Sources */ = {isa = PBXBuildFile; fileRef = 36A7F87725D18E8200EAF6F9 /* UIColorExtension.swift */; };
/* End PBXBuildFile section */

/* Begin PBXFileReference section */
		36A43A9625D1F404002C5FE6 /* CalculatorVCLogic.swift */ = {isa = PBXFileReference; lastKnownFileType = sourcecode.swift; path = CalculatorVCLogic.swift; sourceTree = "<group>"; };
		36A7F83F25D091BE00EAF6F9 /* Calculator.app */ = {isa = PBXFileReference; explicitFileType = wrapper.application; includeInIndex = 0; path = Calculator.app; sourceTree = BUILT_PRODUCTS_DIR; };
		36A7F84225D091BE00EAF6F9 /* AppDelegate.swift */ = {isa = PBXFileReference; lastKnownFileType = sourcecode.swift; path = AppDelegate.swift; sourceTree = "<group>"; };
		36A7F84425D091BE00EAF6F9 /* SceneDelegate.swift */ = {isa = PBXFileReference; lastKnownFileType = sourcecode.swift; path = SceneDelegate.swift; sourceTree = "<group>"; };
		36A7F84C25D091BE00EAF6F9 /* Calculator.xcdatamodel */ = {isa = PBXFileReference; lastKnownFileType = wrapper.xcdatamodel; path = Calculator.xcdatamodel; sourceTree = "<group>"; };
		36A7F84E25D091C100EAF6F9 /* Assets.xcassets */ = {isa = PBXFileReference; lastKnownFileType = folder.assetcatalog; path = Assets.xcassets; sourceTree = "<group>"; };
		36A7F85125D091C100EAF6F9 /* Base */ = {isa = PBXFileReference; lastKnownFileType = file.storyboard; name = Base; path = Base.lproj/LaunchScreen.storyboard; sourceTree = "<group>"; };
		36A7F85325D091C100EAF6F9 /* Info.plist */ = {isa = PBXFileReference; lastKnownFileType = text.plist.xml; path = Info.plist; sourceTree = "<group>"; };
		36A7F86025D0929000EAF6F9 /* CalculatorViewController.swift */ = {isa = PBXFileReference; lastKnownFileType = sourcecode.swift; path = CalculatorViewController.swift; sourceTree = "<group>"; };
		36A7F86425D0ADAC00EAF6F9 /* CalculatorBrain.swift */ = {isa = PBXFileReference; lastKnownFileType = sourcecode.swift; path = CalculatorBrain.swift; sourceTree = "<group>"; };
		36A7F87325D18D9D00EAF6F9 /* CustomButton.swift */ = {isa = PBXFileReference; lastKnownFileType = sourcecode.swift; path = CustomButton.swift; sourceTree = "<group>"; };
		36A7F87725D18E8200EAF6F9 /* UIColorExtension.swift */ = {isa = PBXFileReference; lastKnownFileType = sourcecode.swift; path = UIColorExtension.swift; sourceTree = "<group>"; };
/* End PBXFileReference section */

/* Begin PBXFrameworksBuildPhase section */
		36A7F83C25D091BE00EAF6F9 /* Frameworks */ = {
			isa = PBXFrameworksBuildPhase;
			buildActionMask = 2147483647;
			files = (
			);
			runOnlyForDeploymentPostprocessing = 0;
		};
/* End PBXFrameworksBuildPhase section */

/* Begin PBXGroup section */
		36A43A8F25D1D54E002C5FE6 /* Model */ = {
			isa = PBXGroup;
			children = (
				36A7F86425D0ADAC00EAF6F9 /* CalculatorBrain.swift */,
			);
			path = Model;
			sourceTree = "<group>";
		};
		36A43A9025D1D55F002C5FE6 /* View */ = {
			isa = PBXGroup;
			children = (
				36A7F87325D18D9D00EAF6F9 /* CustomButton.swift */,
			);
			path = View;
			sourceTree = "<group>";
		};
		36A43A9125D1D569002C5FE6 /* Controller */ = {
			isa = PBXGroup;
			children = (
				36A7F86025D0929000EAF6F9 /* CalculatorViewController.swift */,
				36A43A9625D1F404002C5FE6 /* CalculatorVCLogic.swift */,
			);
			path = Controller;
			sourceTree = "<group>";
		};
		36A43A9325D1D595002C5FE6 /* Supporting files */ = {
			isa = PBXGroup;
			children = (
				36A7F87725D18E8200EAF6F9 /* UIColorExtension.swift */,
			);
			path = "Supporting files";
			sourceTree = "<group>";
		};
		36A43A9425D1D5E0002C5FE6 /* Application */ = {
			isa = PBXGroup;
			children = (
				36A7F84225D091BE00EAF6F9 /* AppDelegate.swift */,
				36A7F84425D091BE00EAF6F9 /* SceneDelegate.swift */,
			);
			path = Application;
			sourceTree = "<group>";
		};
		36A43A9925D47656002C5FE6 /* CoreData */ = {
			isa = PBXGroup;
			children = (
				36A7F84B25D091BE00EAF6F9 /* Calculator.xcdatamodeld */,
			);
			path = CoreData;
			sourceTree = "<group>";
		};
		36A7F83625D091BE00EAF6F9 = {
			isa = PBXGroup;
			children = (
				36A7F84125D091BE00EAF6F9 /* Calculator */,
				36A7F84025D091BE00EAF6F9 /* Products */,
			);
			sourceTree = "<group>";
		};
		36A7F84025D091BE00EAF6F9 /* Products */ = {
			isa = PBXGroup;
			children = (
				36A7F83F25D091BE00EAF6F9 /* Calculator.app */,
			);
			name = Products;
			sourceTree = "<group>";
		};
		36A7F84125D091BE00EAF6F9 /* Calculator */ = {
			isa = PBXGroup;
			children = (
				36A43A9425D1D5E0002C5FE6 /* Application */,
				36A43A8F25D1D54E002C5FE6 /* Model */,
				36A43A9025D1D55F002C5FE6 /* View */,
				36A43A9125D1D569002C5FE6 /* Controller */,
				36A43A9325D1D595002C5FE6 /* Supporting files */,
				36A43A9925D47656002C5FE6 /* CoreData */,
				36A7F84E25D091C100EAF6F9 /* Assets.xcassets */,
				36A7F85025D091C100EAF6F9 /* LaunchScreen.storyboard */,
				36A7F85325D091C100EAF6F9 /* Info.plist */,
			);
			path = Calculator;
			sourceTree = "<group>";
		};
/* End PBXGroup section */

/* Begin PBXNativeTarget section */
		36A7F83E25D091BE00EAF6F9 /* Calculator */ = {
			isa = PBXNativeTarget;
			buildConfigurationList = 36A7F85625D091C100EAF6F9 /* Build configuration list for PBXNativeTarget "Calculator" */;
			buildPhases = (
				36A7F83B25D091BE00EAF6F9 /* Sources */,
				36A7F83C25D091BE00EAF6F9 /* Frameworks */,
				36A7F83D25D091BE00EAF6F9 /* Resources */,
			);
			buildRules = (
			);
			dependencies = (
			);
			name = Calculator;
			productName = Calculator;
			productReference = 36A7F83F25D091BE00EAF6F9 /* Calculator.app */;
			productType = "com.apple.product-type.application";
		};
/* End PBXNativeTarget section */

/* Begin PBXProject section */
		36A7F83725D091BE00EAF6F9 /* Project object */ = {
			isa = PBXProject;
			attributes = {
				LastSwiftUpdateCheck = 1230;
				LastUpgradeCheck = 1230;
				TargetAttributes = {
					36A7F83E25D091BE00EAF6F9 = {
						CreatedOnToolsVersion = 12.3;
					};
				};
			};
			buildConfigurationList = 36A7F83A25D091BE00EAF6F9 /* Build configuration list for PBXProject "Calculator" */;
			compatibilityVersion = "Xcode 9.3";
			developmentRegion = en;
			hasScannedForEncodings = 0;
			knownRegions = (
				en,
				Base,
			);
			mainGroup = 36A7F83625D091BE00EAF6F9;
			productRefGroup = 36A7F84025D091BE00EAF6F9 /* Products */;
			projectDirPath = "";
			projectRoot = "";
			targets = (
				36A7F83E25D091BE00EAF6F9 /* Calculator */,
			);
		};
/* End PBXProject section */

/* Begin PBXResourcesBuildPhase section */
		36A7F83D25D091BE00EAF6F9 /* Resources */ = {
			isa = PBXResourcesBuildPhase;
			buildActionMask = 2147483647;
			files = (
				36A7F85225D091C100EAF6F9 /* LaunchScreen.storyboard in Resources */,
				36A7F84F25D091C100EAF6F9 /* Assets.xcassets in Resources */,
			);
			runOnlyForDeploymentPostprocessing = 0;
		};
/* End PBXResourcesBuildPhase section */

/* Begin PBXSourcesBuildPhase section */
		36A7F83B25D091BE00EAF6F9 /* Sources */ = {
			isa = PBXSourcesBuildPhase;
			buildActionMask = 2147483647;
			files = (
				36A7F84D25D091BE00EAF6F9 /* Calculator.xcdatamodeld in Sources */,
				36A7F87825D18E8200EAF6F9 /* UIColorExtension.swift in Sources */,
				36A7F86525D0ADAC00EAF6F9 /* CalculatorBrain.swift in Sources */,
				36A43A9725D1F404002C5FE6 /* CalculatorVCLogic.swift in Sources */,
				36A7F84325D091BE00EAF6F9 /* AppDelegate.swift in Sources */,
				36A7F87425D18D9D00EAF6F9 /* CustomButton.swift in Sources */,
				36A7F86125D0929000EAF6F9 /* CalculatorViewController.swift in Sources */,
				36A7F84525D091BE00EAF6F9 /* SceneDelegate.swift in Sources */,
			);
			runOnlyForDeploymentPostprocessing = 0;
		};
/* End PBXSourcesBuildPhase section */

/* Begin PBXVariantGroup section */
		36A7F85025D091C100EAF6F9 /* LaunchScreen.storyboard */ = {
			isa = PBXVariantGroup;
			children = (
				36A7F85125D091C100EAF6F9 /* Base */,
			);
			name = LaunchScreen.storyboard;
			sourceTree = "<group>";
		};
/* End PBXVariantGroup section */

/* Begin XCBuildConfiguration section */
		36A7F85425D091C100EAF6F9 /* Debug */ = {
			isa = XCBuildConfiguration;
			buildSettings = {
				ALWAYS_SEARCH_USER_PATHS = NO;
				CLANG_ANALYZER_NONNULL = YES;
				CLANG_ANALYZER_NUMBER_OBJECT_CONVERSION = YES_AGGRESSIVE;
				CLANG_CXX_LANGUAGE_STANDARD = "gnu++14";
				CLANG_CXX_LIBRARY = "libc++";
				CLANG_ENABLE_MODULES = YES;
				CLANG_ENABLE_OBJC_ARC = YES;
				CLANG_ENABLE_OBJC_WEAK = YES;
				CLANG_WARN_BLOCK_CAPTURE_AUTORELEASING = YES;
				CLANG_WARN_BOOL_CONVERSION = YES;
				CLANG_WARN_COMMA = YES;
				CLANG_WARN_CONSTANT_CONVERSION = YES;
				CLANG_WARN_DEPRECATED_OBJC_IMPLEMENTATIONS = YES;
				CLANG_WARN_DIRECT_OBJC_ISA_USAGE = YES_ERROR;
				CLANG_WARN_DOCUMENTATION_COMMENTS = YES;
				CLANG_WARN_EMPTY_BODY = YES;
				CLANG_WARN_ENUM_CONVERSION = YES;
				CLANG_WARN_INFINITE_RECURSION = YES;
				CLANG_WARN_INT_CONVERSION = YES;
				CLANG_WARN_NON_LITERAL_NULL_CONVERSION = YES;
				CLANG_WARN_OBJC_IMPLICIT_RETAIN_SELF = YES;
				CLANG_WARN_OBJC_LITERAL_CONVERSION = YES;
				CLANG_WARN_OBJC_ROOT_CLASS = YES_ERROR;
				CLANG_WARN_QUOTED_INCLUDE_IN_FRAMEWORK_HEADER = YES;
				CLANG_WARN_RANGE_LOOP_ANALYSIS = YES;
				CLANG_WARN_STRICT_PROTOTYPES = YES;
				CLANG_WARN_SUSPICIOUS_MOVE = YES;
				CLANG_WARN_UNGUARDED_AVAILABILITY = YES_AGGRESSIVE;
				CLANG_WARN_UNREACHABLE_CODE = YES;
				CLANG_WARN__DUPLICATE_METHOD_MATCH = YES;
				COPY_PHASE_STRIP = NO;
				DEBUG_INFORMATION_FORMAT = dwarf;
				ENABLE_STRICT_OBJC_MSGSEND = YES;
				ENABLE_TESTABILITY = YES;
				GCC_C_LANGUAGE_STANDARD = gnu11;
				GCC_DYNAMIC_NO_PIC = NO;
				GCC_NO_COMMON_BLOCKS = YES;
				GCC_OPTIMIZATION_LEVEL = 0;
				GCC_PREPROCESSOR_DEFINITIONS = (
					"DEBUG=1",
					"$(inherited)",
				);
				GCC_WARN_64_TO_32_BIT_CONVERSION = YES;
				GCC_WARN_ABOUT_RETURN_TYPE = YES_ERROR;
				GCC_WARN_UNDECLARED_SELECTOR = YES;
				GCC_WARN_UNINITIALIZED_AUTOS = YES_AGGRESSIVE;
				GCC_WARN_UNUSED_FUNCTION = YES;
				GCC_WARN_UNUSED_VARIABLE = YES;
				IPHONEOS_DEPLOYMENT_TARGET = 14.3;
				MTL_ENABLE_DEBUG_INFO = INCLUDE_SOURCE;
				MTL_FAST_MATH = YES;
				ONLY_ACTIVE_ARCH = YES;
				SDKROOT = iphoneos;
				SWIFT_ACTIVE_COMPILATION_CONDITIONS = DEBUG;
				SWIFT_OPTIMIZATION_LEVEL = "-Onone";
			};
			name = Debug;
		};
		36A7F85525D091C100EAF6F9 /* Release */ = {
			isa = XCBuildConfiguration;
			buildSettings = {
				ALWAYS_SEARCH_USER_PATHS = NO;
				CLANG_ANALYZER_NONNULL = YES;
				CLANG_ANALYZER_NUMBER_OBJECT_CONVERSION = YES_AGGRESSIVE;
				CLANG_CXX_LANGUAGE_STANDARD = "gnu++14";
				CLANG_CXX_LIBRARY = "libc++";
				CLANG_ENABLE_MODULES = YES;
				CLANG_ENABLE_OBJC_ARC = YES;
				CLANG_ENABLE_OBJC_WEAK = YES;
				CLANG_WARN_BLOCK_CAPTURE_AUTORELEASING = YES;
				CLANG_WARN_BOOL_CONVERSION = YES;
				CLANG_WARN_COMMA = YES;
				CLANG_WARN_CONSTANT_CONVERSION = YES;
				CLANG_WARN_DEPRECATED_OBJC_IMPLEMENTATIONS = YES;
				CLANG_WARN_DIRECT_OBJC_ISA_USAGE = YES_ERROR;
				CLANG_WARN_DOCUMENTATION_COMMENTS = YES;
				CLANG_WARN_EMPTY_BODY = YES;
				CLANG_WARN_ENUM_CONVERSION = YES;
				CLANG_WARN_INFINITE_RECURSION = YES;
				CLANG_WARN_INT_CONVERSION = YES;
				CLANG_WARN_NON_LITERAL_NULL_CONVERSION = YES;
				CLANG_WARN_OBJC_IMPLICIT_RETAIN_SELF = YES;
				CLANG_WARN_OBJC_LITERAL_CONVERSION = YES;
				CLANG_WARN_OBJC_ROOT_CLASS = YES_ERROR;
				CLANG_WARN_QUOTED_INCLUDE_IN_FRAMEWORK_HEADER = YES;
				CLANG_WARN_RANGE_LOOP_ANALYSIS = YES;
				CLANG_WARN_STRICT_PROTOTYPES = YES;
				CLANG_WARN_SUSPICIOUS_MOVE = YES;
				CLANG_WARN_UNGUARDED_AVAILABILITY = YES_AGGRESSIVE;
				CLANG_WARN_UNREACHABLE_CODE = YES;
				CLANG_WARN__DUPLICATE_METHOD_MATCH = YES;
				COPY_PHASE_STRIP = NO;
				DEBUG_INFORMATION_FORMAT = "dwarf-with-dsym";
				ENABLE_NS_ASSERTIONS = NO;
				ENABLE_STRICT_OBJC_MSGSEND = YES;
				GCC_C_LANGUAGE_STANDARD = gnu11;
				GCC_NO_COMMON_BLOCKS = YES;
				GCC_WARN_64_TO_32_BIT_CONVERSION = YES;
				GCC_WARN_ABOUT_RETURN_TYPE = YES_ERROR;
				GCC_WARN_UNDECLARED_SELECTOR = YES;
				GCC_WARN_UNINITIALIZED_AUTOS = YES_AGGRESSIVE;
				GCC_WARN_UNUSED_FUNCTION = YES;
				GCC_WARN_UNUSED_VARIABLE = YES;
				IPHONEOS_DEPLOYMENT_TARGET = 14.3;
				MTL_ENABLE_DEBUG_INFO = NO;
				MTL_FAST_MATH = YES;
				SDKROOT = iphoneos;
				SWIFT_COMPILATION_MODE = wholemodule;
				SWIFT_OPTIMIZATION_LEVEL = "-O";
				VALIDATE_PRODUCT = YES;
			};
			name = Release;
		};
		36A7F85725D091C100EAF6F9 /* Debug */ = {
			isa = XCBuildConfiguration;
			buildSettings = {
				ASSETCATALOG_COMPILER_APPICON_NAME = AppIcon;
				ASSETCATALOG_COMPILER_GLOBAL_ACCENT_COLOR_NAME = AccentColor;
				CODE_SIGN_STYLE = Automatic;
				DEVELOPMENT_TEAM = WQ74PM97F4;
				INFOPLIST_FILE = Calculator/Info.plist;
				LD_RUNPATH_SEARCH_PATHS = (
					"$(inherited)",
					"@executable_path/Frameworks",
				);
				PRODUCT_BUNDLE_IDENTIFIER = vlad.novik.Calculator;
				PRODUCT_NAME = "$(TARGET_NAME)";
				SWIFT_VERSION = 5.0;
				TARGETED_DEVICE_FAMILY = "1,2";
			};
			name = Debug;
		};
		36A7F85825D091C100EAF6F9 /* Release */ = {
			isa = XCBuildConfiguration;
			buildSettings = {
				ASSETCATALOG_COMPILER_APPICON_NAME = AppIcon;
				ASSETCATALOG_COMPILER_GLOBAL_ACCENT_COLOR_NAME = AccentColor;
				CODE_SIGN_STYLE = Automatic;
				DEVELOPMENT_TEAM = WQ74PM97F4;
				INFOPLIST_FILE = Calculator/Info.plist;
				LD_RUNPATH_SEARCH_PATHS = (
					"$(inherited)",
					"@executable_path/Frameworks",
				);
				PRODUCT_BUNDLE_IDENTIFIER = vlad.novik.Calculator;
				PRODUCT_NAME = "$(TARGET_NAME)";
				SWIFT_VERSION = 5.0;
				TARGETED_DEVICE_FAMILY = "1,2";
			};
			name = Release;
		};
/* End XCBuildConfiguration section */

/* Begin XCConfigurationList section */
		36A7F83A25D091BE00EAF6F9 /* Build configuration list for PBXProject "Calculator" */ = {
			isa = XCConfigurationList;
			buildConfigurations = (
				36A7F85425D091C100EAF6F9 /* Debug */,
				36A7F85525D091C100EAF6F9 /* Release */,
			);
			defaultConfigurationIsVisible = 0;
			defaultConfigurationName = Release;
		};
		36A7F85625D091C100EAF6F9 /* Build configuration list for PBXNativeTarget "Calculator" */ = {
			isa = XCConfigurationList;
			buildConfigurations = (
				36A7F85725D091C100EAF6F9 /* Debug */,
				36A7F85825D091C100EAF6F9 /* Release */,
			);
			defaultConfigurationIsVisible = 0;
			defaultConfigurationName = Release;
		};
/* End XCConfigurationList section */

/* Begin XCVersionGroup section */
		36A7F84B25D091BE00EAF6F9 /* Calculator.xcdatamodeld */ = {
			isa = XCVersionGroup;
			children = (
				36A7F84C25D091BE00EAF6F9 /* Calculator.xcdatamodel */,
			);
			currentVersion = 36A7F84C25D091BE00EAF6F9 /* Calculator.xcdatamodel */;
			path = Calculator.xcdatamodeld;
			sourceTree = "<group>";
			versionGroupType = wrapper.xcdatamodel;
		};
/* End XCVersionGroup section */
	};
	rootObject = 36A7F83725D091BE00EAF6F9 /* Project object */;
}
